{
  "version": 4,
  "terraform_version": "1.8.2",
  "serial": 17,
  "lineage": "4b430694-6d80-9a77-2f0f-f182164eac18",
  "outputs": {},
  "resources": [
    {
      "mode": "managed",
      "type": "github_branch",
      "name": "development",
      "provider": "provider[\"registry.terraform.io/integrations/github\"]",
      "instances": [
        {
          "schema_version": 0,
          "attributes": {
            "branch": "development",
            "etag": "W/\"54c3b16c8f17cdb24bde4429b4610e048de34b8ee9d61064c96014b3d549b917\"",
            "id": "example:development",
            "ref": "refs/heads/development",
            "repository": "example",
            "sha": "c4181a34bbf1c65ef9475f0d09be6fecf5bb078f",
            "source_branch": "main",
            "source_sha": "c4181a34bbf1c65ef9475f0d09be6fecf5bb078f"
          },
          "sensitive_attributes": [],
          "private": "bnVsbA=="
        }
      ]
    },
    {
      "mode": "managed",
      "type": "github_repository",
      "name": "example",
      "provider": "provider[\"registry.terraform.io/integrations/github\"]",
      "instances": [
        {
          "schema_version": 1,
          "attributes": {
            "allow_auto_merge": false,
            "allow_merge_commit": true,
            "allow_rebase_merge": true,
            "allow_squash_merge": true,
            "allow_update_branch": true,
            "archive_on_destroy": null,
            "archived": false,
            "auto_init": true,
            "default_branch": "main",
            "delete_branch_on_merge": false,
            "description": "My awesome codebase",
            "etag": "W/\"55497a65d6b77bc6ff898c409a572ba3e64781392f88c6d5c17b606f9222c2b3\"",
            "full_name": "cmramirezme/example",
            "git_clone_url": "git://github.com/cmramirezme/example.git",
            "gitignore_template": null,
            "has_discussions": false,
            "has_downloads": false,
            "has_issues": false,
            "has_projects": false,
            "has_wiki": false,
            "homepage_url": "",
            "html_url": "https://github.com/cmramirezme/example",
            "http_clone_url": "https://github.com/cmramirezme/example.git",
            "id": "example",
            "ignore_vulnerability_alerts_during_read": null,
            "is_template": false,
            "license_template": null,
            "merge_commit_message": "PR_TITLE",
            "merge_commit_title": "MERGE_MESSAGE",
            "name": "example",
            "node_id": "R_kgDOLzOE1Q",
            "pages": [],
            "primary_language": "",
            "private": false,
            "repo_id": 791905493,
            "security_and_analysis": [
              {
                "advanced_security": [],
                "secret_scanning": [
                  {
                    "status": "enabled"
                  }
                ],
                "secret_scanning_push_protection": [
                  {
                    "status": "enabled"
                  }
                ]
              }
            ],
            "squash_merge_commit_message": "COMMIT_MESSAGES",
            "squash_merge_commit_title": "COMMIT_OR_PR_TITLE",
            "ssh_clone_url": "git@github.com:cmramirezme/example.git",
            "svn_url": "https://github.com/cmramirezme/example",
            "template": [],
            "topics": [],
            "visibility": "public",
            "vulnerability_alerts": false,
            "web_commit_signoff_required": false
          },
          "sensitive_attributes": [],
          "private": "eyJzY2hlbWFfdmVyc2lvbiI6IjEifQ=="
        }
      ]
    },
    {
      "mode": "managed",
      "type": "github_repository",
      "name": "example2",
      "provider": "provider[\"registry.terraform.io/integrations/github\"]",
      "instances": [
        {
          "schema_version": 1,
          "attributes": {
            "allow_auto_merge": false,
            "allow_merge_commit": true,
            "allow_rebase_merge": true,
            "allow_squash_merge": true,
            "allow_update_branch": true,
            "archive_on_destroy": null,
            "archived": false,
            "auto_init": true,
            "default_branch": "main",
            "delete_branch_on_merge": false,
            "description": "My awesome web page",
            "etag": "W/\"df9420f9f7e09a6e12c4b65e8ca5c2b97bcc709e11a4c28208509750e33851fc\"",
            "full_name": "cmramirezme/example2",
            "git_clone_url": "git://github.com/cmramirezme/example2.git",
            "gitignore_template": null,
            "has_discussions": false,
            "has_downloads": false,
            "has_issues": false,
            "has_projects": false,
            "has_wiki": false,
            "homepage_url": "",
            "html_url": "https://github.com/cmramirezme/example2",
            "http_clone_url": "https://github.com/cmramirezme/example2.git",
            "id": "example2",
            "ignore_vulnerability_alerts_during_read": null,
            "is_template": false,
            "license_template": null,
            "merge_commit_message": "PR_TITLE",
            "merge_commit_title": "MERGE_MESSAGE",
            "name": "example2",
            "node_id": "R_kgDOLzOvzg",
            "pages": [
              {
                "build_type": "legacy",
                "cname": "",
                "custom_404": false,
                "html_url": "https://cmramirezme.github.io/example2/",
                "source": [
                  {
                    "branch": "main",
                    "path": "/docs"
                  }
                ],
                "status": "building",
                "url": "https://api.github.com/repos/cmramirezme/example2/pages"
              }
            ],
            "primary_language": "",
            "private": false,
            "repo_id": 791916494,
            "security_and_analysis": [
              {
                "advanced_security": [],
                "secret_scanning": [
                  {
                    "status": "enabled"
                  }
                ],
                "secret_scanning_push_protection": [
                  {
                    "status": "enabled"
                  }
                ]
              }
            ],
            "squash_merge_commit_message": "COMMIT_MESSAGES",
            "squash_merge_commit_title": "COMMIT_OR_PR_TITLE",
            "ssh_clone_url": "git@github.com:cmramirezme/example2.git",
            "svn_url": "https://github.com/cmramirezme/example2",
            "template": [],
            "topics": [],
            "visibility": "public",
            "vulnerability_alerts": false,
            "web_commit_signoff_required": false
          },
          "sensitive_attributes": [],
          "private": "eyJzY2hlbWFfdmVyc2lvbiI6IjEifQ=="
        }
      ]
    }
  ],
  "check_results": null
}
